{
	"name": "@marvin-cli-dev/utils",
	"version": "0.0.6",
	"lockfileVersion": 1,
	"requires": true,
	"dependencies": {
		"marvin-cli-test": {
			"version": "1.0.3",
			"resolved": "https://registry.npmjs.org/marvin-cli-test/-/marvin-cli-test-1.0.3.tgz",
			"integrity": "sha512-GASj1CZMFoy+EZ00/rdC5XH+nwTkdxKB4VswxH9ccaHDcCKZY5ZusUCjejkbIybHruc4z6hMQCBvzfft/hqNfA=="
		}
	}
}
